
Microsoft Visual Studio Solution File, Format Version 12.00
# Visual Studio Version 17
VisualStudioVersion = 17.11.35312.102
MinimumVisualStudioVersion = 10.0.40219.1
Project("{9A19103F-16F7-4668-BE54-9A1E7A4F7556}") = "LibraryApi", "LibraryApi\LibraryApi.csproj", "{F375D112-F96B-4A6A-9CBC-1B03612BE412}"
EndProject
Project("{9A19103F-16F7-4668-BE54-9A1E7A4F7556}") = "Tests", "Tests\Tests.csproj", "{A90D94FB-C631-4C10-90A8-46027E841ACF}"
EndProject
Project("{FAE04EC0-301F-11D3-BF4B-00C04F79EFBC}") = "LibraryWeb", "LibraryWeb\LibraryWeb.csproj", "{2AE57E67-D4F9-462D-B84E-BCD0B16885E0}"
EndProject
Global
	GlobalSection(SolutionConfigurationPlatforms) = preSolution
		Debug|Any CPU = Debug|Any CPU
		Release|Any CPU = Release|Any CPU
	EndGlobalSection
	GlobalSection(ProjectConfigurationPlatforms) = postSolution
		{F375D112-F96B-4A6A-9CBC-1B03612BE412}.Debug|Any CPU.ActiveCfg = Debug|Any CPU
		{F375D112-F96B-4A6A-9CBC-1B03612BE412}.Debug|Any CPU.Build.0 = Debug|Any CPU
		{F375D112-F96B-4A6A-9CBC-1B03612BE412}.Release|Any CPU.ActiveCfg = Release|Any CPU
		{F375D112-F96B-4A6A-9CBC-1B03612BE412}.Release|Any CPU.Build.0 = Release|Any CPU
		{A90D94FB-C631-4C10-90A8-46027E841ACF}.Debug|Any CPU.ActiveCfg = Debug|Any CPU
		{A90D94FB-C631-4C10-90A8-46027E841ACF}.Debug|Any CPU.Build.0 = Debug|Any CPU
		{A90D94FB-C631-4C10-90A8-46027E841ACF}.Release|Any CPU.ActiveCfg = Release|Any CPU
		{A90D94FB-C631-4C10-90A8-46027E841ACF}.Release|Any CPU.Build.0 = Release|Any CPU
		{2AE57E67-D4F9-462D-B84E-BCD0B16885E0}.Debug|Any CPU.ActiveCfg = Debug|Any CPU
		{2AE57E67-D4F9-462D-B84E-BCD0B16885E0}.Debug|Any CPU.Build.0 = Debug|Any CPU
		{2AE57E67-D4F9-462D-B84E-BCD0B16885E0}.Release|Any CPU.ActiveCfg = Release|Any CPU
		{2AE57E67-D4F9-462D-B84E-BCD0B16885E0}.Release|Any CPU.Build.0 = Release|Any CPU
	EndGlobalSection
	GlobalSection(SolutionProperties) = preSolution
		HideSolutionNode = FALSE
	EndGlobalSection
	GlobalSection(ExtensibilityGlobals) = postSolution
		SolutionGuid = {7ECFDF3D-B72C-45D0-976D-4C1CAC248E0A}
	EndGlobalSection
EndGlobal
